
Microsoft Visual Studio Solution File, Format Version 12.00
# Visual Studio Version 16
VisualStudioVersion = 16.0.30330.147
MinimumVisualStudioVersion = 10.0.40219.1
Project("{2150E333-8FDC-42A3-9474-1A3956D46DE8}") = "Source", "Source", "{0962CA3A-9FB2-4122-B5AB-D1F3DF39DC66}"
EndProject
Project("{9A19103F-16F7-4668-BE54-9A1E7A4F7556}") = "ZWave4Net", "src\ZWave4Net\ZWave4Net.csproj", "{66F264ED-7D97-4068-99B7-87E8177BC8FA}"
EndProject
Project("{2150E333-8FDC-42A3-9474-1A3956D46DE8}") = "Test", "Test", "{EE140F51-C71F-4F86-A136-7349F206A517}"
EndProject
Project("{2150E333-8FDC-42A3-9474-1A3956D46DE8}") = "Tools", "Tools", "{C8386268-0724-469B-A598-3045D68947B6}"
EndProject
Project("{2150E333-8FDC-42A3-9474-1A3956D46DE8}") = "net", "net", "{AF688601-6F6B-470A-8CF7-FF9CBA538A2F}"
EndProject
Project("{9A19103F-16F7-4668-BE54-9A1E7A4F7556}") = "ChannelConsole", "tools\net\ChannelConsole\ChannelConsole.csproj", "{B752A924-1B1B-4B08-BDC6-31103D9E0E36}"
EndProject
Project("{FAE04EC0-301F-11D3-BF4B-00C04F79EFBC}") = "ZWave4Net.Tests", "test\ZWave4Net.Tests\ZWave4Net.Tests.csproj", "{71B5AABD-1A57-4AA5-9FAB-0015842FB9DC}"
EndProject
Project("{9A19103F-16F7-4668-BE54-9A1E7A4F7556}") = "ZWaveDumper", "tools\net\ZWaveDumper\ZWaveDumper.csproj", "{F5D67A8A-DF61-469D-9617-FC0B478BF179}"
EndProject
Project("{FAE04EC0-301F-11D3-BF4B-00C04F79EFBC}") = "ZWave4Net.Devices", "src\ZWave4Net.Devices\ZWave4Net.Devices.csproj", "{970A4050-FB61-40E9-8722-7EC4D16B72B8}"
EndProject
Global
	GlobalSection(SolutionConfigurationPlatforms) = preSolution
		Debug|Any CPU = Debug|Any CPU
		Release|Any CPU = Release|Any CPU
	EndGlobalSection
	GlobalSection(ProjectConfigurationPlatforms) = postSolution
		{66F264ED-7D97-4068-99B7-87E8177BC8FA}.Debug|Any CPU.ActiveCfg = Debug|Any CPU
		{66F264ED-7D97-4068-99B7-87E8177BC8FA}.Debug|Any CPU.Build.0 = Debug|Any CPU
		{66F264ED-7D97-4068-99B7-87E8177BC8FA}.Release|Any CPU.ActiveCfg = Release|Any CPU
		{66F264ED-7D97-4068-99B7-87E8177BC8FA}.Release|Any CPU.Build.0 = Release|Any CPU
		{B752A924-1B1B-4B08-BDC6-31103D9E0E36}.Debug|Any CPU.ActiveCfg = Debug|Any CPU
		{B752A924-1B1B-4B08-BDC6-31103D9E0E36}.Debug|Any CPU.Build.0 = Debug|Any CPU
		{B752A924-1B1B-4B08-BDC6-31103D9E0E36}.Release|Any CPU.ActiveCfg = Release|Any CPU
		{B752A924-1B1B-4B08-BDC6-31103D9E0E36}.Release|Any CPU.Build.0 = Release|Any CPU
		{71B5AABD-1A57-4AA5-9FAB-0015842FB9DC}.Debug|Any CPU.ActiveCfg = Debug|Any CPU
		{71B5AABD-1A57-4AA5-9FAB-0015842FB9DC}.Debug|Any CPU.Build.0 = Debug|Any CPU
		{71B5AABD-1A57-4AA5-9FAB-0015842FB9DC}.Release|Any CPU.ActiveCfg = Release|Any CPU
		{71B5AABD-1A57-4AA5-9FAB-0015842FB9DC}.Release|Any CPU.Build.0 = Release|Any CPU
		{F5D67A8A-DF61-469D-9617-FC0B478BF179}.Debug|Any CPU.ActiveCfg = Debug|Any CPU
		{F5D67A8A-DF61-469D-9617-FC0B478BF179}.Debug|Any CPU.Build.0 = Debug|Any CPU
		{F5D67A8A-DF61-469D-9617-FC0B478BF179}.Release|Any CPU.ActiveCfg = Release|Any CPU
		{F5D67A8A-DF61-469D-9617-FC0B478BF179}.Release|Any CPU.Build.0 = Release|Any CPU
		{970A4050-FB61-40E9-8722-7EC4D16B72B8}.Debug|Any CPU.ActiveCfg = Debug|Any CPU
		{970A4050-FB61-40E9-8722-7EC4D16B72B8}.Debug|Any CPU.Build.0 = Debug|Any CPU
		{970A4050-FB61-40E9-8722-7EC4D16B72B8}.Release|Any CPU.ActiveCfg = Release|Any CPU
		{970A4050-FB61-40E9-8722-7EC4D16B72B8}.Release|Any CPU.Build.0 = Release|Any CPU
	EndGlobalSection
	GlobalSection(SolutionProperties) = preSolution
		HideSolutionNode = FALSE
	EndGlobalSection
	GlobalSection(NestedProjects) = preSolution
		{66F264ED-7D97-4068-99B7-87E8177BC8FA} = {0962CA3A-9FB2-4122-B5AB-D1F3DF39DC66}
		{AF688601-6F6B-470A-8CF7-FF9CBA538A2F} = {C8386268-0724-469B-A598-3045D68947B6}
		{B752A924-1B1B-4B08-BDC6-31103D9E0E36} = {AF688601-6F6B-470A-8CF7-FF9CBA538A2F}
		{71B5AABD-1A57-4AA5-9FAB-0015842FB9DC} = {EE140F51-C71F-4F86-A136-7349F206A517}
		{F5D67A8A-DF61-469D-9617-FC0B478BF179} = {AF688601-6F6B-470A-8CF7-FF9CBA538A2F}
		{970A4050-FB61-40E9-8722-7EC4D16B72B8} = {0962CA3A-9FB2-4122-B5AB-D1F3DF39DC66}
	EndGlobalSection
	GlobalSection(ExtensibilityGlobals) = postSolution
		SolutionGuid = {292392AD-DCC6-460E-B745-ABE4E2BD4D0B}
	EndGlobalSection
EndGlobal
